
Microsoft Visual Studio Solution File, Format Version 12.00
# Visual Studio Version 16
VisualStudioVersion = 16.0.29609.76
MinimumVisualStudioVersion = 10.0.40219.1
Project("{FAE04EC0-301F-11D3-BF4B-00C04F79EFBC}") = "EFCoreDemo", "EFCoreDemo\EFCoreDemo.csproj", "{96B1ABBC-E3FE-4E9D-AE3B-24A810D77A44}"
EndProject
Global
	GlobalSection(SolutionConfigurationPlatforms) = preSolution
		Debug|Any CPU = Debug|Any CPU
		Release|Any CPU = Release|Any CPU
	EndGlobalSection
	GlobalSection(ProjectConfigurationPlatforms) = postSolution
		{96B1ABBC-E3FE-4E9D-AE3B-24A810D77A44}.Debug|Any CPU.ActiveCfg = Debug|Any CPU
		{96B1ABBC-E3FE-4E9D-AE3B-24A810D77A44}.Debug|Any CPU.Build.0 = Debug|Any CPU
		{96B1ABBC-E3FE-4E9D-AE3B-24A810D77A44}.Release|Any CPU.ActiveCfg = Release|Any CPU
		{96B1ABBC-E3FE-4E9D-AE3B-24A810D77A44}.Release|Any CPU.Build.0 = Release|Any CPU
	EndGlobalSection
	GlobalSection(SolutionProperties) = preSolution
		HideSolutionNode = FALSE
	EndGlobalSection
	GlobalSection(ExtensibilityGlobals) = postSolution
		SolutionGuid = {BB86C32B-1EF8-4CC6-BF37-AE6CC3742685}
	EndGlobalSection
EndGlobal
